
Microsoft Visual Studio Solution File, Format Version 12.00
# Visual Studio Version 17
VisualStudioVersion = 17.14.36109.1
MinimumVisualStudioVersion = 10.0.40219.1
Project("{FAE04EC0-301F-11D3-BF4B-00C04F79EFBC}") = "Sharp Snake", "Sharp Snake\Sharp Snake.csproj", "{79113B31-FFD4-45D0-A694-D7E221237363}"
EndProject
Global
	GlobalSection(SolutionConfigurationPlatforms) = preSolution
		Debug|Any CPU = Debug|Any CPU
		Release|Any CPU = Release|Any CPU
	EndGlobalSection
	GlobalSection(ProjectConfigurationPlatforms) = postSolution
		{79113B31-FFD4-45D0-A694-D7E221237363}.Debug|Any CPU.ActiveCfg = Debug|Any CPU
		{79113B31-FFD4-45D0-A694-D7E221237363}.Debug|Any CPU.Build.0 = Debug|Any CPU
		{79113B31-FFD4-45D0-A694-D7E221237363}.Release|Any CPU.ActiveCfg = Release|Any CPU
		{79113B31-FFD4-45D0-A694-D7E221237363}.Release|Any CPU.Build.0 = Release|Any CPU
	EndGlobalSection
	GlobalSection(SolutionProperties) = preSolution
		HideSolutionNode = FALSE
	EndGlobalSection
	GlobalSection(ExtensibilityGlobals) = postSolution
		SolutionGuid = {0095AE6B-4820-44A8-B819-3A4DDAC70FBD}
	EndGlobalSection
EndGlobal
